
Microsoft Visual Studio Solution File, Format Version 12.00
# Visual Studio Version 17
VisualStudioVersion = 17.0.32126.317
MinimumVisualStudioVersion = 10.0.40219.1
Project("{FAE04EC0-301F-11D3-BF4B-00C04F79EFBC}") = "Fatorial_Funcao", "Fatorial_Funcao\Fatorial_Funcao.csproj", "{AD9C0E50-9F40-41B3-892C-B628AAE3CDF1}"
EndProject
Global
	GlobalSection(SolutionConfigurationPlatforms) = preSolution
		Debug|Any CPU = Debug|Any CPU
		Release|Any CPU = Release|Any CPU
	EndGlobalSection
	GlobalSection(ProjectConfigurationPlatforms) = postSolution
		{AD9C0E50-9F40-41B3-892C-B628AAE3CDF1}.Debug|Any CPU.ActiveCfg = Debug|Any CPU
		{AD9C0E50-9F40-41B3-892C-B628AAE3CDF1}.Debug|Any CPU.Build.0 = Debug|Any CPU
		{AD9C0E50-9F40-41B3-892C-B628AAE3CDF1}.Release|Any CPU.ActiveCfg = Release|Any CPU
		{AD9C0E50-9F40-41B3-892C-B628AAE3CDF1}.Release|Any CPU.Build.0 = Release|Any CPU
	EndGlobalSection
	GlobalSection(SolutionProperties) = preSolution
		HideSolutionNode = FALSE
	EndGlobalSection
	GlobalSection(ExtensibilityGlobals) = postSolution
		SolutionGuid = {63A6EE87-3F7A-441C-B28B-DA6B4F11DAFC}
	EndGlobalSection
EndGlobal
